
Microsoft Visual Studio Solution File, Format Version 12.00
# Visual Studio Version 16
VisualStudioVersion = 16.0.31515.178
MinimumVisualStudioVersion = 10.0.40219.1
Project("{9A19103F-16F7-4668-BE54-9A1E7A4F7556}") = "Desafio", "Desafio.csproj", "{81C57343-5708-4A4A-BFCC-9B016A0C9077}"
EndProject
Global
	GlobalSection(SolutionConfigurationPlatforms) = preSolution
		Debug|Any CPU = Debug|Any CPU
		Release|Any CPU = Release|Any CPU
	EndGlobalSection
	GlobalSection(ProjectConfigurationPlatforms) = postSolution
		{81C57343-5708-4A4A-BFCC-9B016A0C9077}.Debug|Any CPU.ActiveCfg = Debug|Any CPU
		{81C57343-5708-4A4A-BFCC-9B016A0C9077}.Debug|Any CPU.Build.0 = Debug|Any CPU
		{81C57343-5708-4A4A-BFCC-9B016A0C9077}.Release|Any CPU.ActiveCfg = Release|Any CPU
		{81C57343-5708-4A4A-BFCC-9B016A0C9077}.Release|Any CPU.Build.0 = Release|Any CPU
	EndGlobalSection
	GlobalSection(SolutionProperties) = preSolution
		HideSolutionNode = FALSE
	EndGlobalSection
	GlobalSection(ExtensibilityGlobals) = postSolution
		SolutionGuid = {C9C47DAC-F046-4698-9287-BD6B8C1AD060}
	EndGlobalSection
EndGlobal
